
Microsoft Visual Studio Solution File, Format Version 12.00
# Visual Studio Version 17
VisualStudioVersion = 17.14.36603.0 d17.14
MinimumVisualStudioVersion = 10.0.40219.1
Project("{FAE04EC0-301F-11D3-BF4B-00C04F79EFBC}") = "ToDoList", "ToDoList.csproj", "{6FFDB430-D493-4892-A96E-0CE91BB61856}"
EndProject
Global
	GlobalSection(SolutionConfigurationPlatforms) = preSolution
		Debug|Any CPU = Debug|Any CPU
		Release|Any CPU = Release|Any CPU
	EndGlobalSection
	GlobalSection(ProjectConfigurationPlatforms) = postSolution
		{6FFDB430-D493-4892-A96E-0CE91BB61856}.Debug|Any CPU.ActiveCfg = Debug|Any CPU
		{6FFDB430-D493-4892-A96E-0CE91BB61856}.Debug|Any CPU.Build.0 = Debug|Any CPU
		{6FFDB430-D493-4892-A96E-0CE91BB61856}.Release|Any CPU.ActiveCfg = Release|Any CPU
		{6FFDB430-D493-4892-A96E-0CE91BB61856}.Release|Any CPU.Build.0 = Release|Any CPU
	EndGlobalSection
	GlobalSection(SolutionProperties) = preSolution
		HideSolutionNode = FALSE
	EndGlobalSection
	GlobalSection(ExtensibilityGlobals) = postSolution
		SolutionGuid = {855D1BE0-7861-4CF8-B68E-7AAC7DBA066E}
	EndGlobalSection
EndGlobal
